
Microsoft Visual Studio Solution File, Format Version 12.00
# Visual Studio Version 17
VisualStudioVersion = 17.11.35327.3
MinimumVisualStudioVersion = 10.0.40219.1
Project("{FAE04EC0-301F-11D3-BF4B-00C04F79EFBC}") = "JobseekBerca", "JobseekBerca\JobseekBerca.csproj", "{EA00B3CF-CEEF-4060-9E42-DA934452040E}"
EndProject
Global
	GlobalSection(SolutionConfigurationPlatforms) = preSolution
		Debug|Any CPU = Debug|Any CPU
		Release|Any CPU = Release|Any CPU
	EndGlobalSection
	GlobalSection(ProjectConfigurationPlatforms) = postSolution
		{EA00B3CF-CEEF-4060-9E42-DA934452040E}.Debug|Any CPU.ActiveCfg = Debug|Any CPU
		{EA00B3CF-CEEF-4060-9E42-DA934452040E}.Debug|Any CPU.Build.0 = Debug|Any CPU
		{EA00B3CF-CEEF-4060-9E42-DA934452040E}.Release|Any CPU.ActiveCfg = Release|Any CPU
		{EA00B3CF-CEEF-4060-9E42-DA934452040E}.Release|Any CPU.Build.0 = Release|Any CPU
	EndGlobalSection
	GlobalSection(SolutionProperties) = preSolution
		HideSolutionNode = FALSE
	EndGlobalSection
	GlobalSection(ExtensibilityGlobals) = postSolution
		SolutionGuid = {B5AA07F1-B229-45FE-8A50-832CAA38765E}
	EndGlobalSection
EndGlobal
